{
  "name": "medicalschedulecreator",
  "version": "1.0.0",
  "lockfileVersion": 3,
  "requires": true,
  "packages": {
    "": {
      "name": "medicalschedulecreator",
      "version": "1.0.0",
      "license": "ISC",
      "dependencies": {
        "vanilla-calendar-pro": "^2.9.3"
      }
    },
    "node_modules/vanilla-calendar-pro": {
      "version": "2.9.3",
      "resolved": "https://registry.npmjs.org/vanilla-calendar-pro/-/vanilla-calendar-pro-2.9.3.tgz",
      "integrity": "sha512-pRQpruEzM5ryZa80ZCuSXOBPcqzzBKif6sIUfemp+4SbG0srBGyL5+EGxNzzirikM/4HYZGLMsn9zSJ2BvJ6/w=="
    }
  }
}
